
Microsoft Visual Studio Solution File, Format Version 12.00
# Visual Studio Version 17
VisualStudioVersion = 17.3.32929.385
MinimumVisualStudioVersion = 10.0.40219.1
Project("{FAE04EC0-301F-11D3-BF4B-00C04F79EFBC}") = "EjercicioPractico", "EjercicioPractico\EjercicioPractico.csproj", "{182034A6-1393-46A1-9ECE-89039DA86F5B}"
EndProject
Global
	GlobalSection(SolutionConfigurationPlatforms) = preSolution
		Debug|Any CPU = Debug|Any CPU
		Release|Any CPU = Release|Any CPU
	EndGlobalSection
	GlobalSection(ProjectConfigurationPlatforms) = postSolution
		{182034A6-1393-46A1-9ECE-89039DA86F5B}.Debug|Any CPU.ActiveCfg = Debug|Any CPU
		{182034A6-1393-46A1-9ECE-89039DA86F5B}.Debug|Any CPU.Build.0 = Debug|Any CPU
		{182034A6-1393-46A1-9ECE-89039DA86F5B}.Release|Any CPU.ActiveCfg = Release|Any CPU
		{182034A6-1393-46A1-9ECE-89039DA86F5B}.Release|Any CPU.Build.0 = Release|Any CPU
	EndGlobalSection
	GlobalSection(SolutionProperties) = preSolution
		HideSolutionNode = FALSE
	EndGlobalSection
	GlobalSection(ExtensibilityGlobals) = postSolution
		SolutionGuid = {29F506AE-5622-4EF6-A2B8-5CE8A2C9FB04}
	EndGlobalSection
EndGlobal
